// !$*UTF8*$!
{
	archiveVersion = 1;
	classes = {
	};
	objectVersion = 46;
	objects = {

/* Begin PBXBuildFile section */
		F5D248D81BCFCD0500039E0D /* CustomAnnotation.swift in Sources */ = {isa = PBXBuildFile; fileRef = F5D248D71BCFCD0500039E0D /* CustomAnnotation.swift */; settings = {ASSET_TAGS = (); }; };
		F5D248DA1BD01FF800039E0D /* Trash.png in Resources */ = {isa = PBXBuildFile; fileRef = F5D248D91BD01FF800039E0D /* Trash.png */; settings = {ASSET_TAGS = (); }; };
		F5EFB9131BC6617600F41640 /* AppDelegate.swift in Sources */ = {isa = PBXBuildFile; fileRef = F5EFB9121BC6617600F41640 /* AppDelegate.swift */; };
		F5EFB9151BC6617600F41640 /* ViewController.swift in Sources */ = {isa = PBXBuildFile; fileRef = F5EFB9141BC6617600F41640 /* ViewController.swift */; };
		F5EFB9181BC6617600F41640 /* Main.storyboard in Resources */ = {isa = PBXBuildFile; fileRef = F5EFB9161BC6617600F41640 /* Main.storyboard */; };
		F5EFB91B1BC6617600F41640 /* GetLocationtest.xcdatamodeld in Sources */ = {isa = PBXBuildFile; fileRef = F5EFB9191BC6617600F41640 /* GetLocationtest.xcdatamodeld */; };
		F5EFB91D1BC6617600F41640 /* Assets.xcassets in Resources */ = {isa = PBXBuildFile; fileRef = F5EFB91C1BC6617600F41640 /* Assets.xcassets */; };
		F5EFB9201BC6617600F41640 /* LaunchScreen.storyboard in Resources */ = {isa = PBXBuildFile; fileRef = F5EFB91E1BC6617600F41640 /* LaunchScreen.storyboard */; };
		F5EFB92B1BC6617600F41640 /* GetLocationtestTests.swift in Sources */ = {isa = PBXBuildFile; fileRef = F5EFB92A1BC6617600F41640 /* GetLocationtestTests.swift */; };
		F5EFB9361BC6617600F41640 /* GetLocationtestUITests.swift in Sources */ = {isa = PBXBuildFile; fileRef = F5EFB9351BC6617600F41640 /* GetLocationtestUITests.swift */; };
		F5EFB9481BC67DA300F41640 /* CoreLocation.framework in Frameworks */ = {isa = PBXBuildFile; fileRef = F5EFB9471BC67DA300F41640 /* CoreLocation.framework */; };
/* End PBXBuildFile section */

/* Begin PBXContainerItemProxy section */
		F5EFB9271BC6617600F41640 /* PBXContainerItemProxy */ = {
			isa = PBXContainerItemProxy;
			containerPortal = F5EFB9071BC6617600F41640 /* Project object */;
			proxyType = 1;
			remoteGlobalIDString = F5EFB90E1BC6617600F41640;
			remoteInfo = GetLocationtest;
		};
		F5EFB9321BC6617600F41640 /* PBXContainerItemProxy */ = {
			isa = PBXContainerItemProxy;
			containerPortal = F5EFB9071BC6617600F41640 /* Project object */;
			proxyType = 1;
			remoteGlobalIDString = F5EFB90E1BC6617600F41640;
			remoteInfo = GetLocationtest;
		};
/* End PBXContainerItemProxy section */

/* Begin PBXFileReference section */
		F5D248D71BCFCD0500039E0D /* CustomAnnotation.swift */ = {isa = PBXFileReference; fileEncoding = 4; lastKnownFileType = sourcecode.swift; path = CustomAnnotation.swift; sourceTree = "<group>"; };
		F5D248D91BD01FF800039E0D /* Trash.png */ = {isa = PBXFileReference; lastKnownFileType = image.png; path = Trash.png; sourceTree = "<group>"; };
		F5EFB90F1BC6617600F41640 /* GetLocationtest.app */ = {isa = PBXFileReference; explicitFileType = wrapper.application; includeInIndex = 0; path = GetLocationtest.app; sourceTree = BUILT_PRODUCTS_DIR; };
		F5EFB9121BC6617600F41640 /* AppDelegate.swift */ = {isa = PBXFileReference; lastKnownFileType = sourcecode.swift; path = AppDelegate.swift; sourceTree = "<group>"; };
		F5EFB9141BC6617600F41640 /* ViewController.swift */ = {isa = PBXFileReference; lastKnownFileType = sourcecode.swift; path = ViewController.swift; sourceTree = "<group>"; };
		F5EFB9171BC6617600F41640 /* Base */ = {isa = PBXFileReference; lastKnownFileType = file.storyboard; name = Base; path = Base.lproj/Main.storyboard; sourceTree = "<group>"; };
		F5EFB91A1BC6617600F41640 /* GetLocationtest.xcdatamodel */ = {isa = PBXFileReference; lastKnownFileType = wrapper.xcdatamodel; path = GetLocationtest.xcdatamodel; sourceTree = "<group>"; };
		F5EFB91C1BC6617600F41640 /* Assets.xcassets */ = {isa = PBXFileReference; lastKnownFileType = folder.assetcatalog; path = Assets.xcassets; sourceTree = "<group>"; };
		F5EFB91F1BC6617600F41640 /* Base */ = {isa = PBXFileReference; lastKnownFileType = file.storyboard; name = Base; path = Base.lproj/LaunchScreen.storyboard; sourceTree = "<group>"; };
		F5EFB9211BC6617600F41640 /* Info.plist */ = {isa = PBXFileReference; lastKnownFileType = text.plist.xml; path = Info.plist; sourceTree = "<group>"; };
		F5EFB9261BC6617600F41640 /* GetLocationtestTests.xctest */ = {isa = PBXFileReference; explicitFileType = wrapper.cfbundle; includeInIndex = 0; path = GetLocationtestTests.xctest; sourceTree = BUILT_PRODUCTS_DIR; };
		F5EFB92A1BC6617600F41640 /* GetLocationtestTests.swift */ = {isa = PBXFileReference; lastKnownFileType = sourcecode.swift; path = GetLocationtestTests.swift; sourceTree = "<group>"; };
		F5EFB92C1BC6617600F41640 /* Info.plist */ = {isa = PBXFileReference; lastKnownFileType = text.plist.xml; path = Info.plist; sourceTree = "<group>"; };
		F5EFB9311BC6617600F41640 /* GetLocationtestUITests.xctest */ = {isa = PBXFileReference; explicitFileType = wrapper.cfbundle; includeInIndex = 0; path = GetLocationtestUITests.xctest; sourceTree = BUILT_PRODUCTS_DIR; };
		F5EFB9351BC6617600F41640 /* GetLocationtestUITests.swift */ = {isa = PBXFileReference; lastKnownFileType = sourcecode.swift; path = GetLocationtestUITests.swift; sourceTree = "<group>"; };
		F5EFB9371BC6617600F41640 /* Info.plist */ = {isa = PBXFileReference; lastKnownFileType = text.plist.xml; path = Info.plist; sourceTree = "<group>"; };
		F5EFB9471BC67DA300F41640 /* CoreLocation.framework */ = {isa = PBXFileReference; lastKnownFileType = wrapper.framework; name = CoreLocation.framework; path = System/Library/Frameworks/CoreLocation.framework; sourceTree = SDKROOT; };
/* End PBXFileReference section */

/* Begin PBXFrameworksBuildPhase section */
		F5EFB90C1BC6617600F41640 /* Frameworks */ = {
			isa = PBXFrameworksBuildPhase;
			buildActionMask = 2147483647;
			files = (
				F5EFB9481BC67DA300F41640 /* CoreLocation.framework in Frameworks */,
			);
			runOnlyForDeploymentPostprocessing = 0;
		};
		F5EFB9231BC6617600F41640 /* Frameworks */ = {
			isa = PBXFrameworksBuildPhase;
			buildActionMask = 2147483647;
			files = (
			);
			runOnlyForDeploymentPostprocessing = 0;
		};
		F5EFB92E1BC6617600F41640 /* Frameworks */ = {
			isa = PBXFrameworksBuildPhase;
			buildActionMask = 2147483647;
			files = (
			);
			runOnlyForDeploymentPostprocessing = 0;
		};
/* End PBXFrameworksBuildPhase section */

/* Begin PBXGroup section */
		F5EFB9061BC6617600F41640 = {
			isa = PBXGroup;
			children = (
				F5EFB9471BC67DA300F41640 /* CoreLocation.framework */,
				F5EFB9111BC6617600F41640 /* GetLocationtest */,
				F5EFB9291BC6617600F41640 /* GetLocationtestTests */,
				F5EFB9341BC6617600F41640 /* GetLocationtestUITests */,
				F5EFB9101BC6617600F41640 /* Products */,
			);
			sourceTree = "<group>";
		};
		F5EFB9101BC6617600F41640 /* Products */ = {
			isa = PBXGroup;
			children = (
				F5EFB90F1BC6617600F41640 /* GetLocationtest.app */,
				F5EFB9261BC6617600F41640 /* GetLocationtestTests.xctest */,
				F5EFB9311BC6617600F41640 /* GetLocationtestUITests.xctest */,
			);
			name = Products;
			sourceTree = "<group>";
		};
		F5EFB9111BC6617600F41640 /* GetLocationtest */ = {
			isa = PBXGroup;
			children = (
				F5D248D91BD01FF800039E0D /* Trash.png */,
				F5EFB9121BC6617600F41640 /* AppDelegate.swift */,
				F5EFB9141BC6617600F41640 /* ViewController.swift */,
				F5EFB9161BC6617600F41640 /* Main.storyboard */,
				F5EFB91C1BC6617600F41640 /* Assets.xcassets */,
				F5EFB91E1BC6617600F41640 /* LaunchScreen.storyboard */,
				F5EFB9211BC6617600F41640 /* Info.plist */,
				F5EFB9191BC6617600F41640 /* GetLocationtest.xcdatamodeld */,
				F5D248D71BCFCD0500039E0D /* CustomAnnotation.swift */,
			);
			path = GetLocationtest;
			sourceTree = "<group>";
		};
		F5EFB9291BC6617600F41640 /* GetLocationtestTests */ = {
			isa = PBXGroup;
			children = (
				F5EFB92A1BC6617600F41640 /* GetLocationtestTests.swift */,
				F5EFB92C1BC6617600F41640 /* Info.plist */,
			);
			path = GetLocationtestTests;
			sourceTree = "<group>";
		};
		F5EFB9341BC6617600F41640 /* GetLocationtestUITests */ = {
			isa = PBXGroup;
			children = (
				F5EFB9351BC6617600F41640 /* GetLocationtestUITests.swift */,
				F5EFB9371BC6617600F41640 /* Info.plist */,
			);
			path = GetLocationtestUITests;
			sourceTree = "<group>";
		};
/* End PBXGroup section */

/* Begin PBXNativeTarget section */
		F5EFB90E1BC6617600F41640 /* GetLocationtest */ = {
			isa = PBXNativeTarget;
			buildConfigurationList = F5EFB93A1BC6617600F41640 /* Build configuration list for PBXNativeTarget "GetLocationtest" */;
			buildPhases = (
				F5EFB90B1BC6617600F41640 /* Sources */,
				F5EFB90C1BC6617600F41640 /* Frameworks */,
				F5EFB90D1BC6617600F41640 /* Resources */,
			);
			buildRules = (
			);
			dependencies = (
			);
			name = GetLocationtest;
			productName = GetLocationtest;
			productReference = F5EFB90F1BC6617600F41640 /* GetLocationtest.app */;
			productType = "com.apple.product-type.application";
		};
		F5EFB9251BC6617600F41640 /* GetLocationtestTests */ = {
			isa = PBXNativeTarget;
			buildConfigurationList = F5EFB93D1BC6617600F41640 /* Build configuration list for PBXNativeTarget "GetLocationtestTests" */;
			buildPhases = (
				F5EFB9221BC6617600F41640 /* Sources */,
				F5EFB9231BC6617600F41640 /* Frameworks */,
				F5EFB9241BC6617600F41640 /* Resources */,
			);
			buildRules = (
			);
			dependencies = (
				F5EFB9281BC6617600F41640 /* PBXTargetDependency */,
			);
			name = GetLocationtestTests;
			productName = GetLocationtestTests;
			productReference = F5EFB9261BC6617600F41640 /* GetLocationtestTests.xctest */;
			productType = "com.apple.product-type.bundle.unit-test";
		};
		F5EFB9301BC6617600F41640 /* GetLocationtestUITests */ = {
			isa = PBXNativeTarget;
			buildConfigurationList = F5EFB9401BC6617600F41640 /* Build configuration list for PBXNativeTarget "GetLocationtestUITests" */;
			buildPhases = (
				F5EFB92D1BC6617600F41640 /* Sources */,
				F5EFB92E1BC6617600F41640 /* Frameworks */,
				F5EFB92F1BC6617600F41640 /* Resources */,
			);
			buildRules = (
			);
			dependencies = (
				F5EFB9331BC6617600F41640 /* PBXTargetDependency */,
			);
			name = GetLocationtestUITests;
			productName = GetLocationtestUITests;
			productReference = F5EFB9311BC6617600F41640 /* GetLocationtestUITests.xctest */;
			productType = "com.apple.product-type.bundle.ui-testing";
		};
/* End PBXNativeTarget section */

/* Begin PBXProject section */
		F5EFB9071BC6617600F41640 /* Project object */ = {
			isa = PBXProject;
			attributes = {
				LastUpgradeCheck = 0700;
				ORGANIZATIONNAME = Fhict;
				TargetAttributes = {
					F5EFB90E1BC6617600F41640 = {
						CreatedOnToolsVersion = 7.0.1;
					};
					F5EFB9251BC6617600F41640 = {
						CreatedOnToolsVersion = 7.0.1;
						TestTargetID = F5EFB90E1BC6617600F41640;
					};
					F5EFB9301BC6617600F41640 = {
						CreatedOnToolsVersion = 7.0.1;
						TestTargetID = F5EFB90E1BC6617600F41640;
					};
				};
			};
			buildConfigurationList = F5EFB90A1BC6617600F41640 /* Build configuration list for PBXProject "GetLocationtest" */;
			compatibilityVersion = "Xcode 3.2";
			developmentRegion = English;
			hasScannedForEncodings = 0;
			knownRegions = (
				en,
				Base,
			);
			mainGroup = F5EFB9061BC6617600F41640;
			productRefGroup = F5EFB9101BC6617600F41640 /* Products */;
			projectDirPath = "";
			projectRoot = "";
			targets = (
				F5EFB90E1BC6617600F41640 /* GetLocationtest */,
				F5EFB9251BC6617600F41640 /* GetLocationtestTests */,
				F5EFB9301BC6617600F41640 /* GetLocationtestUITests */,
			);
		};
/* End PBXProject section */

/* Begin PBXResourcesBuildPhase section */
		F5EFB90D1BC6617600F41640 /* Resources */ = {
			isa = PBXResourcesBuildPhase;
			buildActionMask = 2147483647;
			files = (
				F5D248DA1BD01FF800039E0D /* Trash.png in Resources */,
				F5EFB9201BC6617600F41640 /* LaunchScreen.storyboard in Resources */,
				F5EFB91D1BC6617600F41640 /* Assets.xcassets in Resources */,
				F5EFB9181BC6617600F41640 /* Main.storyboard in Resources */,
			);
			runOnlyForDeploymentPostprocessing = 0;
		};
		F5EFB9241BC6617600F41640 /* Resources */ = {
			isa = PBXResourcesBuildPhase;
			buildActionMask = 2147483647;
			files = (
			);
			runOnlyForDeploymentPostprocessing = 0;
		};
		F5EFB92F1BC6617600F41640 /* Resources */ = {
			isa = PBXResourcesBuildPhase;
			buildActionMask = 2147483647;
			files = (
			);
			runOnlyForDeploymentPostprocessing = 0;
		};
/* End PBXResourcesBuildPhase section */

/* Begin PBXSourcesBuildPhase section */
		F5EFB90B1BC6617600F41640 /* Sources */ = {
			isa = PBXSourcesBuildPhase;
			buildActionMask = 2147483647;
			files = (
				F5EFB9151BC6617600F41640 /* ViewController.swift in Sources */,
				F5EFB91B1BC6617600F41640 /* GetLocationtest.xcdatamodeld in Sources */,
				F5D248D81BCFCD0500039E0D /* CustomAnnotation.swift in Sources */,
				F5EFB9131BC6617600F41640 /* AppDelegate.swift in Sources */,
			);
			runOnlyForDeploymentPostprocessing = 0;
		};
		F5EFB9221BC6617600F41640 /* Sources */ = {
			isa = PBXSourcesBuildPhase;
			buildActionMask = 2147483647;
			files = (
				F5EFB92B1BC6617600F41640 /* GetLocationtestTests.swift in Sources */,
			);
			runOnlyForDeploymentPostprocessing = 0;
		};
		F5EFB92D1BC6617600F41640 /* Sources */ = {
			isa = PBXSourcesBuildPhase;
			buildActionMask = 2147483647;
			files = (
				F5EFB9361BC6617600F41640 /* GetLocationtestUITests.swift in Sources */,
			);
			runOnlyForDeploymentPostprocessing = 0;
		};
/* End PBXSourcesBuildPhase section */

/* Begin PBXTargetDependency section */
		F5EFB9281BC6617600F41640 /* PBXTargetDependency */ = {
			isa = PBXTargetDependency;
			target = F5EFB90E1BC6617600F41640 /* GetLocationtest */;
			targetProxy = F5EFB9271BC6617600F41640 /* PBXContainerItemProxy */;
		};
		F5EFB9331BC6617600F41640 /* PBXTargetDependency */ = {
			isa = PBXTargetDependency;
			target = F5EFB90E1BC6617600F41640 /* GetLocationtest */;
			targetProxy = F5EFB9321BC6617600F41640 /* PBXContainerItemProxy */;
		};
/* End PBXTargetDependency section */

/* Begin PBXVariantGroup section */
		F5EFB9161BC6617600F41640 /* Main.storyboard */ = {
			isa = PBXVariantGroup;
			children = (
				F5EFB9171BC6617600F41640 /* Base */,
			);
			name = Main.storyboard;
			sourceTree = "<group>";
		};
		F5EFB91E1BC6617600F41640 /* LaunchScreen.storyboard */ = {
			isa = PBXVariantGroup;
			children = (
				F5EFB91F1BC6617600F41640 /* Base */,
			);
			name = LaunchScreen.storyboard;
			sourceTree = "<group>";
		};
/* End PBXVariantGroup section */

/* Begin XCBuildConfiguration section */
		F5EFB9381BC6617600F41640 /* Debug */ = {
			isa = XCBuildConfiguration;
			buildSettings = {
				ALWAYS_SEARCH_USER_PATHS = NO;
				CLANG_CXX_LANGUAGE_STANDARD = "gnu++0x";
				CLANG_CXX_LIBRARY = "libc++";
				CLANG_ENABLE_MODULES = YES;
				CLANG_ENABLE_OBJC_ARC = YES;
				CLANG_WARN_BOOL_CONVERSION = YES;
				CLANG_WARN_CONSTANT_CONVERSION = YES;
				CLANG_WARN_DIRECT_OBJC_ISA_USAGE = YES_ERROR;
				CLANG_WARN_EMPTY_BODY = YES;
				CLANG_WARN_ENUM_CONVERSION = YES;
				CLANG_WARN_INT_CONVERSION = YES;
				CLANG_WARN_OBJC_ROOT_CLASS = YES_ERROR;
				CLANG_WARN_UNREACHABLE_CODE = YES;
				CLANG_WARN__DUPLICATE_METHOD_MATCH = YES;
				"CODE_SIGN_IDENTITY[sdk=iphoneos*]" = "iPhone Developer";
				COPY_PHASE_STRIP = NO;
				DEBUG_INFORMATION_FORMAT = dwarf;
				ENABLE_STRICT_OBJC_MSGSEND = YES;
				ENABLE_TESTABILITY = YES;
				GCC_C_LANGUAGE_STANDARD = gnu99;
				GCC_DYNAMIC_NO_PIC = NO;
				GCC_NO_COMMON_BLOCKS = YES;
				GCC_OPTIMIZATION_LEVEL = 0;
				GCC_PREPROCESSOR_DEFINITIONS = (
					"DEBUG=1",
					"$(inherited)",
				);
				GCC_WARN_64_TO_32_BIT_CONVERSION = YES;
				GCC_WARN_ABOUT_RETURN_TYPE = YES_ERROR;
				GCC_WARN_UNDECLARED_SELECTOR = YES;
				GCC_WARN_UNINITIALIZED_AUTOS = YES_AGGRESSIVE;
				GCC_WARN_UNUSED_FUNCTION = YES;
				GCC_WARN_UNUSED_VARIABLE = YES;
				IPHONEOS_DEPLOYMENT_TARGET = 9.0;
				MTL_ENABLE_DEBUG_INFO = YES;
				ONLY_ACTIVE_ARCH = YES;
				SDKROOT = iphoneos;
				SWIFT_OPTIMIZATION_LEVEL = "-Onone";
				TARGETED_DEVICE_FAMILY = "1,2";
			};
			name = Debug;
		};
		F5EFB9391BC6617600F41640 /* Release */ = {
			isa = XCBuildConfiguration;
			buildSettings = {
				ALWAYS_SEARCH_USER_PATHS = NO;
				CLANG_CXX_LANGUAGE_STANDARD = "gnu++0x";
				CLANG_CXX_LIBRARY = "libc++";
				CLANG_ENABLE_MODULES = YES;
				CLANG_ENABLE_OBJC_ARC = YES;
				CLANG_WARN_BOOL_CONVERSION = YES;
				CLANG_WARN_CONSTANT_CONVERSION = YES;
				CLANG_WARN_DIRECT_OBJC_ISA_USAGE = YES_ERROR;
				CLANG_WARN_EMPTY_BODY = YES;
				CLANG_WARN_ENUM_CONVERSION = YES;
				CLANG_WARN_INT_CONVERSION = YES;
				CLANG_WARN_OBJC_ROOT_CLASS = YES_ERROR;
				CLANG_WARN_UNREACHABLE_CODE = YES;
				CLANG_WARN__DUPLICATE_METHOD_MATCH = YES;
				"CODE_SIGN_IDENTITY[sdk=iphoneos*]" = "iPhone Developer";
				COPY_PHASE_STRIP = NO;
				DEBUG_INFORMATION_FORMAT = "dwarf-with-dsym";
				ENABLE_NS_ASSERTIONS = NO;
				ENABLE_STRICT_OBJC_MSGSEND = YES;
				GCC_C_LANGUAGE_STANDARD = gnu99;
				GCC_NO_COMMON_BLOCKS = YES;
				GCC_WARN_64_TO_32_BIT_CONVERSION = YES;
				GCC_WARN_ABOUT_RETURN_TYPE = YES_ERROR;
				GCC_WARN_UNDECLARED_SELECTOR = YES;
				GCC_WARN_UNINITIALIZED_AUTOS = YES_AGGRESSIVE;
				GCC_WARN_UNUSED_FUNCTION = YES;
				GCC_WARN_UNUSED_VARIABLE = YES;
				IPHONEOS_DEPLOYMENT_TARGET = 9.0;
				MTL_ENABLE_DEBUG_INFO = NO;
				SDKROOT = iphoneos;
				TARGETED_DEVICE_FAMILY = "1,2";
				VALIDATE_PRODUCT = YES;
			};
			name = Release;
		};
		F5EFB93B1BC6617600F41640 /* Debug */ = {
			isa = XCBuildConfiguration;
			buildSettings = {
				ASSETCATALOG_COMPILER_APPICON_NAME = AppIcon;
				INFOPLIST_FILE = GetLocationtest/Info.plist;
				LD_RUNPATH_SEARCH_PATHS = "$(inherited) @executable_path/Frameworks";
				PRODUCT_BUNDLE_IDENTIFIER = Schouten.GetLocationtest;
				PRODUCT_NAME = "$(TARGET_NAME)";
			};
			name = Debug;
		};
		F5EFB93C1BC6617600F41640 /* Release */ = {
			isa = XCBuildConfiguration;
			buildSettings = {
				ASSETCATALOG_COMPILER_APPICON_NAME = AppIcon;
				INFOPLIST_FILE = GetLocationtest/Info.plist;
				LD_RUNPATH_SEARCH_PATHS = "$(inherited) @executable_path/Frameworks";
				PRODUCT_BUNDLE_IDENTIFIER = Schouten.GetLocationtest;
				PRODUCT_NAME = "$(TARGET_NAME)";
			};
			name = Release;
		};
		F5EFB93E1BC6617600F41640 /* Debug */ = {
			isa = XCBuildConfiguration;
			buildSettings = {
				BUNDLE_LOADER = "$(TEST_HOST)";
				INFOPLIST_FILE = GetLocationtestTests/Info.plist;
				LD_RUNPATH_SEARCH_PATHS = "$(inherited) @executable_path/Frameworks @loader_path/Frameworks";
				PRODUCT_BUNDLE_IDENTIFIER = Schouten.GetLocationtestTests;
				PRODUCT_NAME = "$(TARGET_NAME)";
				TEST_HOST = "$(BUILT_PRODUCTS_DIR)/GetLocationtest.app/GetLocationtest";
			};
			name = Debug;
		};
		F5EFB93F1BC6617600F41640 /* Release */ = {
			isa = XCBuildConfiguration;
			buildSettings = {
				BUNDLE_LOADER = "$(TEST_HOST)";
				INFOPLIST_FILE = GetLocationtestTests/Info.plist;
				LD_RUNPATH_SEARCH_PATHS = "$(inherited) @executable_path/Frameworks @loader_path/Frameworks";
				PRODUCT_BUNDLE_IDENTIFIER = Schouten.GetLocationtestTests;
				PRODUCT_NAME = "$(TARGET_NAME)";
				TEST_HOST = "$(BUILT_PRODUCTS_DIR)/GetLocationtest.app/GetLocationtest";
			};
			name = Release;
		};
		F5EFB9411BC6617600F41640 /* Debug */ = {
			isa = XCBuildConfiguration;
			buildSettings = {
				INFOPLIST_FILE = GetLocationtestUITests/Info.plist;
				LD_RUNPATH_SEARCH_PATHS = "$(inherited) @executable_path/Frameworks @loader_path/Frameworks";
				PRODUCT_BUNDLE_IDENTIFIER = Schouten.GetLocationtestUITests;
				PRODUCT_NAME = "$(TARGET_NAME)";
				TEST_TARGET_NAME = GetLocationtest;
				USES_XCTRUNNER = YES;
			};
			name = Debug;
		};
		F5EFB9421BC6617600F41640 /* Release */ = {
			isa = XCBuildConfiguration;
			buildSettings = {
				INFOPLIST_FILE = GetLocationtestUITests/Info.plist;
				LD_RUNPATH_SEARCH_PATHS = "$(inherited) @executable_path/Frameworks @loader_path/Frameworks";
				PRODUCT_BUNDLE_IDENTIFIER = Schouten.GetLocationtestUITests;
				PRODUCT_NAME = "$(TARGET_NAME)";
				TEST_TARGET_NAME = GetLocationtest;
				USES_XCTRUNNER = YES;
			};
			name = Release;
		};
/* End XCBuildConfiguration section */

/* Begin XCConfigurationList section */
		F5EFB90A1BC6617600F41640 /* Build configuration list for PBXProject "GetLocationtest" */ = {
			isa = XCConfigurationList;
			buildConfigurations = (
				F5EFB9381BC6617600F41640 /* Debug */,
				F5EFB9391BC6617600F41640 /* Release */,
			);
			defaultConfigurationIsVisible = 0;
			defaultConfigurationName = Release;
		};
		F5EFB93A1BC6617600F41640 /* Build configuration list for PBXNativeTarget "GetLocationtest" */ = {
			isa = XCConfigurationList;
			buildConfigurations = (
				F5EFB93B1BC6617600F41640 /* Debug */,
				F5EFB93C1BC6617600F41640 /* Release */,
			);
			defaultConfigurationIsVisible = 0;
			defaultConfigurationName = Release;
		};
		F5EFB93D1BC6617600F41640 /* Build configuration list for PBXNativeTarget "GetLocationtestTests" */ = {
			isa = XCConfigurationList;
			buildConfigurations = (
				F5EFB93E1BC6617600F41640 /* Debug */,
				F5EFB93F1BC6617600F41640 /* Release */,
			);
			defaultConfigurationIsVisible = 0;
			defaultConfigurationName = Release;
		};
		F5EFB9401BC6617600F41640 /* Build configuration list for PBXNativeTarget "GetLocationtestUITests" */ = {
			isa = XCConfigurationList;
			buildConfigurations = (
				F5EFB9411BC6617600F41640 /* Debug */,
				F5EFB9421BC6617600F41640 /* Release */,
			);
			defaultConfigurationIsVisible = 0;
			defaultConfigurationName = Release;
		};
/* End XCConfigurationList section */

/* Begin XCVersionGroup section */
		F5EFB9191BC6617600F41640 /* GetLocationtest.xcdatamodeld */ = {
			isa = XCVersionGroup;
			children = (
				F5EFB91A1BC6617600F41640 /* GetLocationtest.xcdatamodel */,
			);
			currentVersion = F5EFB91A1BC6617600F41640 /* GetLocationtest.xcdatamodel */;
			path = GetLocationtest.xcdatamodeld;
			sourceTree = "<group>";
			versionGroupType = wrapper.xcdatamodel;
		};
/* End XCVersionGroup section */
	};
	rootObject = F5EFB9071BC6617600F41640 /* Project object */;
}
