// !$*UTF8*$!
{
	archiveVersion = 1;
	classes = {
	};
	objectVersion = 46;
	objects = {

/* Begin PBXBuildFile section */
		F56E45FB1BAAA88E00AC9ECD /* AppDelegate.swift in Sources */ = {isa = PBXBuildFile; fileRef = F56E45FA1BAAA88E00AC9ECD /* AppDelegate.swift */; };
		F56E45FE1BAAA88E00AC9ECD /* Surf_Assignment_3_.xcdatamodeld in Sources */ = {isa = PBXBuildFile; fileRef = F56E45FC1BAAA88E00AC9ECD /* Surf_Assignment_3_.xcdatamodeld */; };
		F56E46031BAAA88E00AC9ECD /* Main.storyboard in Resources */ = {isa = PBXBuildFile; fileRef = F56E46011BAAA88E00AC9ECD /* Main.storyboard */; };
		F56E46051BAAA88E00AC9ECD /* Images.xcassets in Resources */ = {isa = PBXBuildFile; fileRef = F56E46041BAAA88E00AC9ECD /* Images.xcassets */; };
		F56E46081BAAA88E00AC9ECD /* LaunchScreen.xib in Resources */ = {isa = PBXBuildFile; fileRef = F56E46061BAAA88E00AC9ECD /* LaunchScreen.xib */; };
		F56E46141BAAA88F00AC9ECD /* Surf_Assignment_3_Tests.swift in Sources */ = {isa = PBXBuildFile; fileRef = F56E46131BAAA88F00AC9ECD /* Surf_Assignment_3_Tests.swift */; };
		F56E461E1BAAB10D00AC9ECD /* TableViewController.swift in Sources */ = {isa = PBXBuildFile; fileRef = F56E461D1BAAB10D00AC9ECD /* TableViewController.swift */; };
		F56E46201BAAB37C00AC9ECD /* DetailsViewController.swift in Sources */ = {isa = PBXBuildFile; fileRef = F56E461F1BAAB37C00AC9ECD /* DetailsViewController.swift */; };
		F56E46221BAAB41F00AC9ECD /* Pirate.swift in Sources */ = {isa = PBXBuildFile; fileRef = F56E46211BAAB41F00AC9ECD /* Pirate.swift */; };
/* End PBXBuildFile section */

/* Begin PBXContainerItemProxy section */
		F56E460E1BAAA88F00AC9ECD /* PBXContainerItemProxy */ = {
			isa = PBXContainerItemProxy;
			containerPortal = F56E45ED1BAAA88E00AC9ECD /* Project object */;
			proxyType = 1;
			remoteGlobalIDString = F56E45F41BAAA88E00AC9ECD;
			remoteInfo = "Surf(Assignment 3)";
		};
/* End PBXContainerItemProxy section */

/* Begin PBXFileReference section */
		F56E45F51BAAA88E00AC9ECD /* Surf(Assignment 3).app */ = {isa = PBXFileReference; explicitFileType = wrapper.application; includeInIndex = 0; path = "Surf(Assignment 3).app"; sourceTree = BUILT_PRODUCTS_DIR; };
		F56E45F91BAAA88E00AC9ECD /* Info.plist */ = {isa = PBXFileReference; lastKnownFileType = text.plist.xml; path = Info.plist; sourceTree = "<group>"; };
		F56E45FA1BAAA88E00AC9ECD /* AppDelegate.swift */ = {isa = PBXFileReference; lastKnownFileType = sourcecode.swift; path = AppDelegate.swift; sourceTree = "<group>"; };
		F56E45FD1BAAA88E00AC9ECD /* Surf_Assignment_3_.xcdatamodel */ = {isa = PBXFileReference; lastKnownFileType = wrapper.xcdatamodel; path = Surf_Assignment_3_.xcdatamodel; sourceTree = "<group>"; };
		F56E46021BAAA88E00AC9ECD /* Base */ = {isa = PBXFileReference; lastKnownFileType = file.storyboard; name = Base; path = Base.lproj/Main.storyboard; sourceTree = "<group>"; };
		F56E46041BAAA88E00AC9ECD /* Images.xcassets */ = {isa = PBXFileReference; lastKnownFileType = folder.assetcatalog; path = Images.xcassets; sourceTree = "<group>"; };
		F56E46071BAAA88E00AC9ECD /* Base */ = {isa = PBXFileReference; lastKnownFileType = file.xib; name = Base; path = Base.lproj/LaunchScreen.xib; sourceTree = "<group>"; };
		F56E460D1BAAA88F00AC9ECD /* Surf(Assignment 3)Tests.xctest */ = {isa = PBXFileReference; explicitFileType = wrapper.cfbundle; includeInIndex = 0; path = "Surf(Assignment 3)Tests.xctest"; sourceTree = BUILT_PRODUCTS_DIR; };
		F56E46121BAAA88F00AC9ECD /* Info.plist */ = {isa = PBXFileReference; lastKnownFileType = text.plist.xml; path = Info.plist; sourceTree = "<group>"; };
		F56E46131BAAA88F00AC9ECD /* Surf_Assignment_3_Tests.swift */ = {isa = PBXFileReference; lastKnownFileType = sourcecode.swift; path = Surf_Assignment_3_Tests.swift; sourceTree = "<group>"; };
		F56E461D1BAAB10D00AC9ECD /* TableViewController.swift */ = {isa = PBXFileReference; fileEncoding = 4; lastKnownFileType = sourcecode.swift; path = TableViewController.swift; sourceTree = "<group>"; };
		F56E461F1BAAB37C00AC9ECD /* DetailsViewController.swift */ = {isa = PBXFileReference; fileEncoding = 4; lastKnownFileType = sourcecode.swift; path = DetailsViewController.swift; sourceTree = "<group>"; };
		F56E46211BAAB41F00AC9ECD /* Pirate.swift */ = {isa = PBXFileReference; fileEncoding = 4; lastKnownFileType = sourcecode.swift; path = Pirate.swift; sourceTree = "<group>"; };
/* End PBXFileReference section */

/* Begin PBXFrameworksBuildPhase section */
		F56E45F21BAAA88E00AC9ECD /* Frameworks */ = {
			isa = PBXFrameworksBuildPhase;
			buildActionMask = 2147483647;
			files = (
			);
			runOnlyForDeploymentPostprocessing = 0;
		};
		F56E460A1BAAA88F00AC9ECD /* Frameworks */ = {
			isa = PBXFrameworksBuildPhase;
			buildActionMask = 2147483647;
			files = (
			);
			runOnlyForDeploymentPostprocessing = 0;
		};
/* End PBXFrameworksBuildPhase section */

/* Begin PBXGroup section */
		F56E45EC1BAAA88E00AC9ECD = {
			isa = PBXGroup;
			children = (
				F56E45F71BAAA88E00AC9ECD /* Surf(Assignment 3) */,
				F56E46101BAAA88F00AC9ECD /* Surf(Assignment 3)Tests */,
				F56E45F61BAAA88E00AC9ECD /* Products */,
			);
			sourceTree = "<group>";
		};
		F56E45F61BAAA88E00AC9ECD /* Products */ = {
			isa = PBXGroup;
			children = (
				F56E45F51BAAA88E00AC9ECD /* Surf(Assignment 3).app */,
				F56E460D1BAAA88F00AC9ECD /* Surf(Assignment 3)Tests.xctest */,
			);
			name = Products;
			sourceTree = "<group>";
		};
		F56E45F71BAAA88E00AC9ECD /* Surf(Assignment 3) */ = {
			isa = PBXGroup;
			children = (
				F56E45FA1BAAA88E00AC9ECD /* AppDelegate.swift */,
				F56E46011BAAA88E00AC9ECD /* Main.storyboard */,
				F56E46041BAAA88E00AC9ECD /* Images.xcassets */,
				F56E46061BAAA88E00AC9ECD /* LaunchScreen.xib */,
				F56E45FC1BAAA88E00AC9ECD /* Surf_Assignment_3_.xcdatamodeld */,
				F56E45F81BAAA88E00AC9ECD /* Supporting Files */,
				F56E461D1BAAB10D00AC9ECD /* TableViewController.swift */,
				F56E461F1BAAB37C00AC9ECD /* DetailsViewController.swift */,
				F56E46211BAAB41F00AC9ECD /* Pirate.swift */,
			);
			path = "Surf(Assignment 3)";
			sourceTree = "<group>";
		};
		F56E45F81BAAA88E00AC9ECD /* Supporting Files */ = {
			isa = PBXGroup;
			children = (
				F56E45F91BAAA88E00AC9ECD /* Info.plist */,
			);
			name = "Supporting Files";
			sourceTree = "<group>";
		};
		F56E46101BAAA88F00AC9ECD /* Surf(Assignment 3)Tests */ = {
			isa = PBXGroup;
			children = (
				F56E46131BAAA88F00AC9ECD /* Surf_Assignment_3_Tests.swift */,
				F56E46111BAAA88F00AC9ECD /* Supporting Files */,
			);
			path = "Surf(Assignment 3)Tests";
			sourceTree = "<group>";
		};
		F56E46111BAAA88F00AC9ECD /* Supporting Files */ = {
			isa = PBXGroup;
			children = (
				F56E46121BAAA88F00AC9ECD /* Info.plist */,
			);
			name = "Supporting Files";
			sourceTree = "<group>";
		};
/* End PBXGroup section */

/* Begin PBXNativeTarget section */
		F56E45F41BAAA88E00AC9ECD /* Surf(Assignment 3) */ = {
			isa = PBXNativeTarget;
			buildConfigurationList = F56E46171BAAA88F00AC9ECD /* Build configuration list for PBXNativeTarget "Surf(Assignment 3)" */;
			buildPhases = (
				F56E45F11BAAA88E00AC9ECD /* Sources */,
				F56E45F21BAAA88E00AC9ECD /* Frameworks */,
				F56E45F31BAAA88E00AC9ECD /* Resources */,
			);
			buildRules = (
			);
			dependencies = (
			);
			name = "Surf(Assignment 3)";
			productName = "Surf(Assignment 3)";
			productReference = F56E45F51BAAA88E00AC9ECD /* Surf(Assignment 3).app */;
			productType = "com.apple.product-type.application";
		};
		F56E460C1BAAA88F00AC9ECD /* Surf(Assignment 3)Tests */ = {
			isa = PBXNativeTarget;
			buildConfigurationList = F56E461A1BAAA88F00AC9ECD /* Build configuration list for PBXNativeTarget "Surf(Assignment 3)Tests" */;
			buildPhases = (
				F56E46091BAAA88F00AC9ECD /* Sources */,
				F56E460A1BAAA88F00AC9ECD /* Frameworks */,
				F56E460B1BAAA88F00AC9ECD /* Resources */,
			);
			buildRules = (
			);
			dependencies = (
				F56E460F1BAAA88F00AC9ECD /* PBXTargetDependency */,
			);
			name = "Surf(Assignment 3)Tests";
			productName = "Surf(Assignment 3)Tests";
			productReference = F56E460D1BAAA88F00AC9ECD /* Surf(Assignment 3)Tests.xctest */;
			productType = "com.apple.product-type.bundle.unit-test";
		};
/* End PBXNativeTarget section */

/* Begin PBXProject section */
		F56E45ED1BAAA88E00AC9ECD /* Project object */ = {
			isa = PBXProject;
			attributes = {
				LastSwiftUpdateCheck = 0700;
				LastUpgradeCheck = 0610;
				ORGANIZATIONNAME = Fhict;
				TargetAttributes = {
					F56E45F41BAAA88E00AC9ECD = {
						CreatedOnToolsVersion = 6.1.1;
					};
					F56E460C1BAAA88F00AC9ECD = {
						CreatedOnToolsVersion = 6.1.1;
						TestTargetID = F56E45F41BAAA88E00AC9ECD;
					};
				};
			};
			buildConfigurationList = F56E45F01BAAA88E00AC9ECD /* Build configuration list for PBXProject "Surf(Assignment 3)" */;
			compatibilityVersion = "Xcode 3.2";
			developmentRegion = English;
			hasScannedForEncodings = 0;
			knownRegions = (
				en,
				Base,
			);
			mainGroup = F56E45EC1BAAA88E00AC9ECD;
			productRefGroup = F56E45F61BAAA88E00AC9ECD /* Products */;
			projectDirPath = "";
			projectRoot = "";
			targets = (
				F56E45F41BAAA88E00AC9ECD /* Surf(Assignment 3) */,
				F56E460C1BAAA88F00AC9ECD /* Surf(Assignment 3)Tests */,
			);
		};
/* End PBXProject section */

/* Begin PBXResourcesBuildPhase section */
		F56E45F31BAAA88E00AC9ECD /* Resources */ = {
			isa = PBXResourcesBuildPhase;
			buildActionMask = 2147483647;
			files = (
				F56E46031BAAA88E00AC9ECD /* Main.storyboard in Resources */,
				F56E46081BAAA88E00AC9ECD /* LaunchScreen.xib in Resources */,
				F56E46051BAAA88E00AC9ECD /* Images.xcassets in Resources */,
			);
			runOnlyForDeploymentPostprocessing = 0;
		};
		F56E460B1BAAA88F00AC9ECD /* Resources */ = {
			isa = PBXResourcesBuildPhase;
			buildActionMask = 2147483647;
			files = (
			);
			runOnlyForDeploymentPostprocessing = 0;
		};
/* End PBXResourcesBuildPhase section */

/* Begin PBXSourcesBuildPhase section */
		F56E45F11BAAA88E00AC9ECD /* Sources */ = {
			isa = PBXSourcesBuildPhase;
			buildActionMask = 2147483647;
			files = (
				F56E45FE1BAAA88E00AC9ECD /* Surf_Assignment_3_.xcdatamodeld in Sources */,
				F56E461E1BAAB10D00AC9ECD /* TableViewController.swift in Sources */,
				F56E45FB1BAAA88E00AC9ECD /* AppDelegate.swift in Sources */,
				F56E46221BAAB41F00AC9ECD /* Pirate.swift in Sources */,
				F56E46201BAAB37C00AC9ECD /* DetailsViewController.swift in Sources */,
			);
			runOnlyForDeploymentPostprocessing = 0;
		};
		F56E46091BAAA88F00AC9ECD /* Sources */ = {
			isa = PBXSourcesBuildPhase;
			buildActionMask = 2147483647;
			files = (
				F56E46141BAAA88F00AC9ECD /* Surf_Assignment_3_Tests.swift in Sources */,
			);
			runOnlyForDeploymentPostprocessing = 0;
		};
/* End PBXSourcesBuildPhase section */

/* Begin PBXTargetDependency section */
		F56E460F1BAAA88F00AC9ECD /* PBXTargetDependency */ = {
			isa = PBXTargetDependency;
			target = F56E45F41BAAA88E00AC9ECD /* Surf(Assignment 3) */;
			targetProxy = F56E460E1BAAA88F00AC9ECD /* PBXContainerItemProxy */;
		};
/* End PBXTargetDependency section */

/* Begin PBXVariantGroup section */
		F56E46011BAAA88E00AC9ECD /* Main.storyboard */ = {
			isa = PBXVariantGroup;
			children = (
				F56E46021BAAA88E00AC9ECD /* Base */,
			);
			name = Main.storyboard;
			sourceTree = "<group>";
		};
		F56E46061BAAA88E00AC9ECD /* LaunchScreen.xib */ = {
			isa = PBXVariantGroup;
			children = (
				F56E46071BAAA88E00AC9ECD /* Base */,
			);
			name = LaunchScreen.xib;
			sourceTree = "<group>";
		};
/* End PBXVariantGroup section */

/* Begin XCBuildConfiguration section */
		F56E46151BAAA88F00AC9ECD /* Debug */ = {
			isa = XCBuildConfiguration;
			buildSettings = {
				ALWAYS_SEARCH_USER_PATHS = NO;
				CLANG_CXX_LANGUAGE_STANDARD = "gnu++0x";
				CLANG_CXX_LIBRARY = "libc++";
				CLANG_ENABLE_MODULES = YES;
				CLANG_ENABLE_OBJC_ARC = YES;
				CLANG_WARN_BOOL_CONVERSION = YES;
				CLANG_WARN_CONSTANT_CONVERSION = YES;
				CLANG_WARN_DIRECT_OBJC_ISA_USAGE = YES_ERROR;
				CLANG_WARN_EMPTY_BODY = YES;
				CLANG_WARN_ENUM_CONVERSION = YES;
				CLANG_WARN_INT_CONVERSION = YES;
				CLANG_WARN_OBJC_ROOT_CLASS = YES_ERROR;
				CLANG_WARN_UNREACHABLE_CODE = YES;
				CLANG_WARN__DUPLICATE_METHOD_MATCH = YES;
				"CODE_SIGN_IDENTITY[sdk=iphoneos*]" = "iPhone Developer";
				COPY_PHASE_STRIP = NO;
				ENABLE_STRICT_OBJC_MSGSEND = YES;
				GCC_C_LANGUAGE_STANDARD = gnu99;
				GCC_DYNAMIC_NO_PIC = NO;
				GCC_OPTIMIZATION_LEVEL = 0;
				GCC_PREPROCESSOR_DEFINITIONS = (
					"DEBUG=1",
					"$(inherited)",
				);
				GCC_SYMBOLS_PRIVATE_EXTERN = NO;
				GCC_WARN_64_TO_32_BIT_CONVERSION = YES;
				GCC_WARN_ABOUT_RETURN_TYPE = YES_ERROR;
				GCC_WARN_UNDECLARED_SELECTOR = YES;
				GCC_WARN_UNINITIALIZED_AUTOS = YES_AGGRESSIVE;
				GCC_WARN_UNUSED_FUNCTION = YES;
				GCC_WARN_UNUSED_VARIABLE = YES;
				IPHONEOS_DEPLOYMENT_TARGET = 8.1;
				MTL_ENABLE_DEBUG_INFO = YES;
				ONLY_ACTIVE_ARCH = YES;
				SDKROOT = iphoneos;
				SWIFT_OPTIMIZATION_LEVEL = "-Onone";
			};
			name = Debug;
		};
		F56E46161BAAA88F00AC9ECD /* Release */ = {
			isa = XCBuildConfiguration;
			buildSettings = {
				ALWAYS_SEARCH_USER_PATHS = NO;
				CLANG_CXX_LANGUAGE_STANDARD = "gnu++0x";
				CLANG_CXX_LIBRARY = "libc++";
				CLANG_ENABLE_MODULES = YES;
				CLANG_ENABLE_OBJC_ARC = YES;
				CLANG_WARN_BOOL_CONVERSION = YES;
				CLANG_WARN_CONSTANT_CONVERSION = YES;
				CLANG_WARN_DIRECT_OBJC_ISA_USAGE = YES_ERROR;
				CLANG_WARN_EMPTY_BODY = YES;
				CLANG_WARN_ENUM_CONVERSION = YES;
				CLANG_WARN_INT_CONVERSION = YES;
				CLANG_WARN_OBJC_ROOT_CLASS = YES_ERROR;
				CLANG_WARN_UNREACHABLE_CODE = YES;
				CLANG_WARN__DUPLICATE_METHOD_MATCH = YES;
				"CODE_SIGN_IDENTITY[sdk=iphoneos*]" = "iPhone Developer";
				COPY_PHASE_STRIP = YES;
				ENABLE_NS_ASSERTIONS = NO;
				ENABLE_STRICT_OBJC_MSGSEND = YES;
				GCC_C_LANGUAGE_STANDARD = gnu99;
				GCC_WARN_64_TO_32_BIT_CONVERSION = YES;
				GCC_WARN_ABOUT_RETURN_TYPE = YES_ERROR;
				GCC_WARN_UNDECLARED_SELECTOR = YES;
				GCC_WARN_UNINITIALIZED_AUTOS = YES_AGGRESSIVE;
				GCC_WARN_UNUSED_FUNCTION = YES;
				GCC_WARN_UNUSED_VARIABLE = YES;
				IPHONEOS_DEPLOYMENT_TARGET = 8.1;
				MTL_ENABLE_DEBUG_INFO = NO;
				SDKROOT = iphoneos;
				VALIDATE_PRODUCT = YES;
			};
			name = Release;
		};
		F56E46181BAAA88F00AC9ECD /* Debug */ = {
			isa = XCBuildConfiguration;
			buildSettings = {
				ASSETCATALOG_COMPILER_APPICON_NAME = AppIcon;
				INFOPLIST_FILE = "Surf(Assignment 3)/Info.plist";
				LD_RUNPATH_SEARCH_PATHS = "$(inherited) @executable_path/Frameworks";
				PRODUCT_NAME = "$(TARGET_NAME)";
			};
			name = Debug;
		};
		F56E46191BAAA88F00AC9ECD /* Release */ = {
			isa = XCBuildConfiguration;
			buildSettings = {
				ASSETCATALOG_COMPILER_APPICON_NAME = AppIcon;
				INFOPLIST_FILE = "Surf(Assignment 3)/Info.plist";
				LD_RUNPATH_SEARCH_PATHS = "$(inherited) @executable_path/Frameworks";
				PRODUCT_NAME = "$(TARGET_NAME)";
			};
			name = Release;
		};
		F56E461B1BAAA88F00AC9ECD /* Debug */ = {
			isa = XCBuildConfiguration;
			buildSettings = {
				BUNDLE_LOADER = "$(TEST_HOST)";
				FRAMEWORK_SEARCH_PATHS = (
					"$(SDKROOT)/Developer/Library/Frameworks",
					"$(inherited)",
				);
				GCC_PREPROCESSOR_DEFINITIONS = (
					"DEBUG=1",
					"$(inherited)",
				);
				INFOPLIST_FILE = "Surf(Assignment 3)Tests/Info.plist";
				LD_RUNPATH_SEARCH_PATHS = "$(inherited) @executable_path/Frameworks @loader_path/Frameworks";
				PRODUCT_NAME = "$(TARGET_NAME)";
				TEST_HOST = "$(BUILT_PRODUCTS_DIR)/Surf(Assignment 3).app/Surf(Assignment 3)";
			};
			name = Debug;
		};
		F56E461C1BAAA88F00AC9ECD /* Release */ = {
			isa = XCBuildConfiguration;
			buildSettings = {
				BUNDLE_LOADER = "$(TEST_HOST)";
				FRAMEWORK_SEARCH_PATHS = (
					"$(SDKROOT)/Developer/Library/Frameworks",
					"$(inherited)",
				);
				INFOPLIST_FILE = "Surf(Assignment 3)Tests/Info.plist";
				LD_RUNPATH_SEARCH_PATHS = "$(inherited) @executable_path/Frameworks @loader_path/Frameworks";
				PRODUCT_NAME = "$(TARGET_NAME)";
				TEST_HOST = "$(BUILT_PRODUCTS_DIR)/Surf(Assignment 3).app/Surf(Assignment 3)";
			};
			name = Release;
		};
/* End XCBuildConfiguration section */

/* Begin XCConfigurationList section */
		F56E45F01BAAA88E00AC9ECD /* Build configuration list for PBXProject "Surf(Assignment 3)" */ = {
			isa = XCConfigurationList;
			buildConfigurations = (
				F56E46151BAAA88F00AC9ECD /* Debug */,
				F56E46161BAAA88F00AC9ECD /* Release */,
			);
			defaultConfigurationIsVisible = 0;
			defaultConfigurationName = Release;
		};
		F56E46171BAAA88F00AC9ECD /* Build configuration list for PBXNativeTarget "Surf(Assignment 3)" */ = {
			isa = XCConfigurationList;
			buildConfigurations = (
				F56E46181BAAA88F00AC9ECD /* Debug */,
				F56E46191BAAA88F00AC9ECD /* Release */,
			);
			defaultConfigurationIsVisible = 0;
			defaultConfigurationName = Release;
		};
		F56E461A1BAAA88F00AC9ECD /* Build configuration list for PBXNativeTarget "Surf(Assignment 3)Tests" */ = {
			isa = XCConfigurationList;
			buildConfigurations = (
				F56E461B1BAAA88F00AC9ECD /* Debug */,
				F56E461C1BAAA88F00AC9ECD /* Release */,
			);
			defaultConfigurationIsVisible = 0;
			defaultConfigurationName = Release;
		};
/* End XCConfigurationList section */

/* Begin XCVersionGroup section */
		F56E45FC1BAAA88E00AC9ECD /* Surf_Assignment_3_.xcdatamodeld */ = {
			isa = XCVersionGroup;
			children = (
				F56E45FD1BAAA88E00AC9ECD /* Surf_Assignment_3_.xcdatamodel */,
			);
			currentVersion = F56E45FD1BAAA88E00AC9ECD /* Surf_Assignment_3_.xcdatamodel */;
			path = Surf_Assignment_3_.xcdatamodeld;
			sourceTree = "<group>";
			versionGroupType = wrapper.xcdatamodel;
		};
/* End XCVersionGroup section */
	};
	rootObject = F56E45ED1BAAA88E00AC9ECD /* Project object */;
}
