// !$*UTF8*$!
{
	archiveVersion = 1;
	classes = {
	};
	objectVersion = 46;
	objects = {

/* Begin PBXBuildFile section */
		F50F637C1BA16E9F0075050E /* main.swift in Sources */ = {isa = PBXBuildFile; fileRef = F50F637B1BA16E9F0075050E /* main.swift */; };
		F50F63831BA170AC0075050E /* GlowAct.swift in Sources */ = {isa = PBXBuildFile; fileRef = F50F63821BA170AC0075050E /* GlowAct.swift */; };
		F50F63851BA170C00075050E /* City.swift in Sources */ = {isa = PBXBuildFile; fileRef = F50F63841BA170C00075050E /* City.swift */; };
/* End PBXBuildFile section */

/* Begin PBXCopyFilesBuildPhase section */
		F50F63761BA16E9F0075050E /* CopyFiles */ = {
			isa = PBXCopyFilesBuildPhase;
			buildActionMask = 2147483647;
			dstPath = /usr/share/man/man1/;
			dstSubfolderSpec = 0;
			files = (
			);
			runOnlyForDeploymentPostprocessing = 1;
		};
/* End PBXCopyFilesBuildPhase section */

/* Begin PBXFileReference section */
		F50F63781BA16E9F0075050E /* HellGlow */ = {isa = PBXFileReference; explicitFileType = "compiled.mach-o.executable"; includeInIndex = 0; path = HellGlow; sourceTree = BUILT_PRODUCTS_DIR; };
		F50F637B1BA16E9F0075050E /* main.swift */ = {isa = PBXFileReference; lastKnownFileType = sourcecode.swift; path = main.swift; sourceTree = "<group>"; };
		F50F63821BA170AC0075050E /* GlowAct.swift */ = {isa = PBXFileReference; fileEncoding = 4; lastKnownFileType = sourcecode.swift; path = GlowAct.swift; sourceTree = "<group>"; };
		F50F63841BA170C00075050E /* City.swift */ = {isa = PBXFileReference; fileEncoding = 4; lastKnownFileType = sourcecode.swift; path = City.swift; sourceTree = "<group>"; };
/* End PBXFileReference section */

/* Begin PBXFrameworksBuildPhase section */
		F50F63751BA16E9F0075050E /* Frameworks */ = {
			isa = PBXFrameworksBuildPhase;
			buildActionMask = 2147483647;
			files = (
			);
			runOnlyForDeploymentPostprocessing = 0;
		};
/* End PBXFrameworksBuildPhase section */

/* Begin PBXGroup section */
		F50F636F1BA16E9F0075050E = {
			isa = PBXGroup;
			children = (
				F50F637A1BA16E9F0075050E /* HellGlow */,
				F50F63791BA16E9F0075050E /* Products */,
			);
			sourceTree = "<group>";
		};
		F50F63791BA16E9F0075050E /* Products */ = {
			isa = PBXGroup;
			children = (
				F50F63781BA16E9F0075050E /* HellGlow */,
			);
			name = Products;
			sourceTree = "<group>";
		};
		F50F637A1BA16E9F0075050E /* HellGlow */ = {
			isa = PBXGroup;
			children = (
				F50F637B1BA16E9F0075050E /* main.swift */,
				F50F63821BA170AC0075050E /* GlowAct.swift */,
				F50F63841BA170C00075050E /* City.swift */,
			);
			path = HellGlow;
			sourceTree = "<group>";
		};
/* End PBXGroup section */

/* Begin PBXNativeTarget section */
		F50F63771BA16E9F0075050E /* HellGlow */ = {
			isa = PBXNativeTarget;
			buildConfigurationList = F50F637F1BA16E9F0075050E /* Build configuration list for PBXNativeTarget "HellGlow" */;
			buildPhases = (
				F50F63741BA16E9F0075050E /* Sources */,
				F50F63751BA16E9F0075050E /* Frameworks */,
				F50F63761BA16E9F0075050E /* CopyFiles */,
			);
			buildRules = (
			);
			dependencies = (
			);
			name = HellGlow;
			productName = HellGlow;
			productReference = F50F63781BA16E9F0075050E /* HellGlow */;
			productType = "com.apple.product-type.tool";
		};
/* End PBXNativeTarget section */

/* Begin PBXProject section */
		F50F63701BA16E9F0075050E /* Project object */ = {
			isa = PBXProject;
			attributes = {
				LastUpgradeCheck = 0610;
				ORGANIZATIONNAME = Fhict;
				TargetAttributes = {
					F50F63771BA16E9F0075050E = {
						CreatedOnToolsVersion = 6.1.1;
					};
				};
			};
			buildConfigurationList = F50F63731BA16E9F0075050E /* Build configuration list for PBXProject "HellGlow" */;
			compatibilityVersion = "Xcode 3.2";
			developmentRegion = English;
			hasScannedForEncodings = 0;
			knownRegions = (
				en,
			);
			mainGroup = F50F636F1BA16E9F0075050E;
			productRefGroup = F50F63791BA16E9F0075050E /* Products */;
			projectDirPath = "";
			projectRoot = "";
			targets = (
				F50F63771BA16E9F0075050E /* HellGlow */,
			);
		};
/* End PBXProject section */

/* Begin PBXSourcesBuildPhase section */
		F50F63741BA16E9F0075050E /* Sources */ = {
			isa = PBXSourcesBuildPhase;
			buildActionMask = 2147483647;
			files = (
				F50F637C1BA16E9F0075050E /* main.swift in Sources */,
				F50F63831BA170AC0075050E /* GlowAct.swift in Sources */,
				F50F63851BA170C00075050E /* City.swift in Sources */,
			);
			runOnlyForDeploymentPostprocessing = 0;
		};
/* End PBXSourcesBuildPhase section */

/* Begin XCBuildConfiguration section */
		F50F637D1BA16E9F0075050E /* Debug */ = {
			isa = XCBuildConfiguration;
			buildSettings = {
				ALWAYS_SEARCH_USER_PATHS = NO;
				CLANG_CXX_LANGUAGE_STANDARD = "gnu++0x";
				CLANG_CXX_LIBRARY = "libc++";
				CLANG_ENABLE_MODULES = YES;
				CLANG_ENABLE_OBJC_ARC = YES;
				CLANG_WARN_BOOL_CONVERSION = YES;
				CLANG_WARN_CONSTANT_CONVERSION = YES;
				CLANG_WARN_DIRECT_OBJC_ISA_USAGE = YES_ERROR;
				CLANG_WARN_EMPTY_BODY = YES;
				CLANG_WARN_ENUM_CONVERSION = YES;
				CLANG_WARN_INT_CONVERSION = YES;
				CLANG_WARN_OBJC_ROOT_CLASS = YES_ERROR;
				CLANG_WARN_UNREACHABLE_CODE = YES;
				CLANG_WARN__DUPLICATE_METHOD_MATCH = YES;
				COPY_PHASE_STRIP = NO;
				ENABLE_STRICT_OBJC_MSGSEND = YES;
				GCC_C_LANGUAGE_STANDARD = gnu99;
				GCC_DYNAMIC_NO_PIC = NO;
				GCC_OPTIMIZATION_LEVEL = 0;
				GCC_PREPROCESSOR_DEFINITIONS = (
					"DEBUG=1",
					"$(inherited)",
				);
				GCC_SYMBOLS_PRIVATE_EXTERN = NO;
				GCC_WARN_64_TO_32_BIT_CONVERSION = YES;
				GCC_WARN_ABOUT_RETURN_TYPE = YES_ERROR;
				GCC_WARN_UNDECLARED_SELECTOR = YES;
				GCC_WARN_UNINITIALIZED_AUTOS = YES_AGGRESSIVE;
				GCC_WARN_UNUSED_FUNCTION = YES;
				GCC_WARN_UNUSED_VARIABLE = YES;
				MACOSX_DEPLOYMENT_TARGET = 10.10;
				MTL_ENABLE_DEBUG_INFO = YES;
				ONLY_ACTIVE_ARCH = YES;
				SDKROOT = macosx;
				SWIFT_OPTIMIZATION_LEVEL = "-Onone";
			};
			name = Debug;
		};
		F50F637E1BA16E9F0075050E /* Release */ = {
			isa = XCBuildConfiguration;
			buildSettings = {
				ALWAYS_SEARCH_USER_PATHS = NO;
				CLANG_CXX_LANGUAGE_STANDARD = "gnu++0x";
				CLANG_CXX_LIBRARY = "libc++";
				CLANG_ENABLE_MODULES = YES;
				CLANG_ENABLE_OBJC_ARC = YES;
				CLANG_WARN_BOOL_CONVERSION = YES;
				CLANG_WARN_CONSTANT_CONVERSION = YES;
				CLANG_WARN_DIRECT_OBJC_ISA_USAGE = YES_ERROR;
				CLANG_WARN_EMPTY_BODY = YES;
				CLANG_WARN_ENUM_CONVERSION = YES;
				CLANG_WARN_INT_CONVERSION = YES;
				CLANG_WARN_OBJC_ROOT_CLASS = YES_ERROR;
				CLANG_WARN_UNREACHABLE_CODE = YES;
				CLANG_WARN__DUPLICATE_METHOD_MATCH = YES;
				COPY_PHASE_STRIP = YES;
				DEBUG_INFORMATION_FORMAT = "dwarf-with-dsym";
				ENABLE_NS_ASSERTIONS = NO;
				ENABLE_STRICT_OBJC_MSGSEND = YES;
				GCC_C_LANGUAGE_STANDARD = gnu99;
				GCC_WARN_64_TO_32_BIT_CONVERSION = YES;
				GCC_WARN_ABOUT_RETURN_TYPE = YES_ERROR;
				GCC_WARN_UNDECLARED_SELECTOR = YES;
				GCC_WARN_UNINITIALIZED_AUTOS = YES_AGGRESSIVE;
				GCC_WARN_UNUSED_FUNCTION = YES;
				GCC_WARN_UNUSED_VARIABLE = YES;
				MACOSX_DEPLOYMENT_TARGET = 10.10;
				MTL_ENABLE_DEBUG_INFO = NO;
				SDKROOT = macosx;
			};
			name = Release;
		};
		F50F63801BA16E9F0075050E /* Debug */ = {
			isa = XCBuildConfiguration;
			buildSettings = {
				PRODUCT_NAME = "$(TARGET_NAME)";
			};
			name = Debug;
		};
		F50F63811BA16E9F0075050E /* Release */ = {
			isa = XCBuildConfiguration;
			buildSettings = {
				PRODUCT_NAME = "$(TARGET_NAME)";
			};
			name = Release;
		};
/* End XCBuildConfiguration section */

/* Begin XCConfigurationList section */
		F50F63731BA16E9F0075050E /* Build configuration list for PBXProject "HellGlow" */ = {
			isa = XCConfigurationList;
			buildConfigurations = (
				F50F637D1BA16E9F0075050E /* Debug */,
				F50F637E1BA16E9F0075050E /* Release */,
			);
			defaultConfigurationIsVisible = 0;
			defaultConfigurationName = Release;
		};
		F50F637F1BA16E9F0075050E /* Build configuration list for PBXNativeTarget "HellGlow" */ = {
			isa = XCConfigurationList;
			buildConfigurations = (
				F50F63801BA16E9F0075050E /* Debug */,
				F50F63811BA16E9F0075050E /* Release */,
			);
			defaultConfigurationIsVisible = 0;
			defaultConfigurationName = Release;
		};
/* End XCConfigurationList section */
	};
	rootObject = F50F63701BA16E9F0075050E /* Project object */;
}
